
Microsoft Visual Studio Solution File, Format Version 12.00
# Visual Studio Version 17
VisualStudioVersion = 17.8.34525.116
MinimumVisualStudioVersion = 10.0.40219.1
Project("{FAE04EC0-301F-11D3-BF4B-00C04F79EFBC}") = "MauiApp7", "MauiApp7.csproj", "{CC873A31-CF1E-40F6-986B-69E11CA60836}"
EndProject
Global
	GlobalSection(SolutionConfigurationPlatforms) = preSolution
		Debug|Any CPU = Debug|Any CPU
		Release|Any CPU = Release|Any CPU
	EndGlobalSection
	GlobalSection(ProjectConfigurationPlatforms) = postSolution
		{CC873A31-CF1E-40F6-986B-69E11CA60836}.Debug|Any CPU.ActiveCfg = Debug|Any CPU
		{CC873A31-CF1E-40F6-986B-69E11CA60836}.Debug|Any CPU.Build.0 = Debug|Any CPU
		{CC873A31-CF1E-40F6-986B-69E11CA60836}.Debug|Any CPU.Deploy.0 = Debug|Any CPU
		{CC873A31-CF1E-40F6-986B-69E11CA60836}.Release|Any CPU.ActiveCfg = Release|Any CPU
		{CC873A31-CF1E-40F6-986B-69E11CA60836}.Release|Any CPU.Build.0 = Release|Any CPU
		{CC873A31-CF1E-40F6-986B-69E11CA60836}.Release|Any CPU.Deploy.0 = Release|Any CPU
	EndGlobalSection
	GlobalSection(SolutionProperties) = preSolution
		HideSolutionNode = FALSE
	EndGlobalSection
	GlobalSection(ExtensibilityGlobals) = postSolution
		SolutionGuid = {2A857C42-4806-4D61-AD9C-3DF669FDE8F1}
	EndGlobalSection
EndGlobal
